// !$*UTF8*$!
{
	archiveVersion = 1;
	classes = {
	};
	objectVersion = 48;
	objects = {

/* Begin PBXBuildFile section */
		405FD8B7202C202A005F84D8 /* AppDelegate.swift in Sources */ = {isa = PBXBuildFile; fileRef = 405FD8B6202C202A005F84D8 /* AppDelegate.swift */; };
		405FD8B9202C202A005F84D8 /* ViewController.swift in Sources */ = {isa = PBXBuildFile; fileRef = 405FD8B8202C202A005F84D8 /* ViewController.swift */; };
		405FD8BC202C202A005F84D8 /* Main.storyboard in Resources */ = {isa = PBXBuildFile; fileRef = 405FD8BA202C202A005F84D8 /* Main.storyboard */; };
		405FD8BE202C202A005F84D8 /* Assets.xcassets in Resources */ = {isa = PBXBuildFile; fileRef = 405FD8BD202C202A005F84D8 /* Assets.xcassets */; };
		405FD8C1202C202A005F84D8 /* LaunchScreen.storyboard in Resources */ = {isa = PBXBuildFile; fileRef = 405FD8BF202C202A005F84D8 /* LaunchScreen.storyboard */; };
		405FD8CC202C202A005F84D8 /* ProjectTestTests.swift in Sources */ = {isa = PBXBuildFile; fileRef = 405FD8CB202C202A005F84D8 /* ProjectTestTests.swift */; };
		405FD8D7202C202A005F84D8 /* ProjectTestUITests.swift in Sources */ = {isa = PBXBuildFile; fileRef = 405FD8D6202C202A005F84D8 /* ProjectTestUITests.swift */; };
		40893D2C20301C840066B403 /* PublicRequest.swift in Sources */ = {isa = PBXBuildFile; fileRef = 40893D2B20301C840066B403 /* PublicRequest.swift */; };
		40893D30203038260066B403 /* BaseModel.swift in Sources */ = {isa = PBXBuildFile; fileRef = 40893D2F203038260066B403 /* BaseModel.swift */; };
		40893D3220303BA30066B403 /* UserInfo.swift in Sources */ = {isa = PBXBuildFile; fileRef = 40893D3120303BA30066B403 /* UserInfo.swift */; };
		40D57D72202C323700FA6781 /* Hotel.swift in Sources */ = {isa = PBXBuildFile; fileRef = 40D57D71202C323700FA6781 /* Hotel.swift */; };
		40D57D74202C3F0600FA6781 /* RequestAPI.swift in Sources */ = {isa = PBXBuildFile; fileRef = 40D57D73202C3F0600FA6781 /* RequestAPI.swift */; };
		40D57D76202C44C500FA6781 /* HotelVC.swift in Sources */ = {isa = PBXBuildFile; fileRef = 40D57D75202C44C500FA6781 /* HotelVC.swift */; };
		40D57D78202C4F3900FA6781 /* HotelVM.swift in Sources */ = {isa = PBXBuildFile; fileRef = 40D57D77202C4F3900FA6781 /* HotelVM.swift */; };
		40D57D7D202D6EEF00FA6781 /* Person.swift in Sources */ = {isa = PBXBuildFile; fileRef = 40D57D7C202D6EEF00FA6781 /* Person.swift */; };
		40D57D7F202D6F7000FA6781 /* RequestPersonAPI.swift in Sources */ = {isa = PBXBuildFile; fileRef = 40D57D7E202D6F7000FA6781 /* RequestPersonAPI.swift */; };
		40D57D81202D735F00FA6781 /* PersonVM.swift in Sources */ = {isa = PBXBuildFile; fileRef = 40D57D80202D735F00FA6781 /* PersonVM.swift */; };
		DC4DE4C3CB777FC8AD170379 /* Pods_ProjectTest.framework in Frameworks */ = {isa = PBXBuildFile; fileRef = 9D880DCE0C8729DF46DFE6EC /* Pods_ProjectTest.framework */; };
/* End PBXBuildFile section */

/* Begin PBXContainerItemProxy section */
		405FD8C8202C202A005F84D8 /* PBXContainerItemProxy */ = {
			isa = PBXContainerItemProxy;
			containerPortal = 405FD8AB202C202A005F84D8 /* Project object */;
			proxyType = 1;
			remoteGlobalIDString = 405FD8B2202C202A005F84D8;
			remoteInfo = ProjectTest;
		};
		405FD8D3202C202A005F84D8 /* PBXContainerItemProxy */ = {
			isa = PBXContainerItemProxy;
			containerPortal = 405FD8AB202C202A005F84D8 /* Project object */;
			proxyType = 1;
			remoteGlobalIDString = 405FD8B2202C202A005F84D8;
			remoteInfo = ProjectTest;
		};
/* End PBXContainerItemProxy section */

/* Begin PBXFileReference section */
		405FD8B3202C202A005F84D8 /* ProjectTest.app */ = {isa = PBXFileReference; explicitFileType = wrapper.application; includeInIndex = 0; path = ProjectTest.app; sourceTree = BUILT_PRODUCTS_DIR; };
		405FD8B6202C202A005F84D8 /* AppDelegate.swift */ = {isa = PBXFileReference; lastKnownFileType = sourcecode.swift; path = AppDelegate.swift; sourceTree = "<group>"; };
		405FD8B8202C202A005F84D8 /* ViewController.swift */ = {isa = PBXFileReference; lastKnownFileType = sourcecode.swift; path = ViewController.swift; sourceTree = "<group>"; };
		405FD8BB202C202A005F84D8 /* Base */ = {isa = PBXFileReference; lastKnownFileType = file.storyboard; name = Base; path = Base.lproj/Main.storyboard; sourceTree = "<group>"; };
		405FD8BD202C202A005F84D8 /* Assets.xcassets */ = {isa = PBXFileReference; lastKnownFileType = folder.assetcatalog; path = Assets.xcassets; sourceTree = "<group>"; };
		405FD8C0202C202A005F84D8 /* Base */ = {isa = PBXFileReference; lastKnownFileType = file.storyboard; name = Base; path = Base.lproj/LaunchScreen.storyboard; sourceTree = "<group>"; };
		405FD8C2202C202A005F84D8 /* Info.plist */ = {isa = PBXFileReference; lastKnownFileType = text.plist.xml; path = Info.plist; sourceTree = "<group>"; };
		405FD8C7202C202A005F84D8 /* ProjectTestTests.xctest */ = {isa = PBXFileReference; explicitFileType = wrapper.cfbundle; includeInIndex = 0; path = ProjectTestTests.xctest; sourceTree = BUILT_PRODUCTS_DIR; };
		405FD8CB202C202A005F84D8 /* ProjectTestTests.swift */ = {isa = PBXFileReference; lastKnownFileType = sourcecode.swift; path = ProjectTestTests.swift; sourceTree = "<group>"; };
		405FD8CD202C202A005F84D8 /* Info.plist */ = {isa = PBXFileReference; lastKnownFileType = text.plist.xml; path = Info.plist; sourceTree = "<group>"; };
		405FD8D2202C202A005F84D8 /* ProjectTestUITests.xctest */ = {isa = PBXFileReference; explicitFileType = wrapper.cfbundle; includeInIndex = 0; path = ProjectTestUITests.xctest; sourceTree = BUILT_PRODUCTS_DIR; };
		405FD8D6202C202A005F84D8 /* ProjectTestUITests.swift */ = {isa = PBXFileReference; lastKnownFileType = sourcecode.swift; path = ProjectTestUITests.swift; sourceTree = "<group>"; };
		405FD8D8202C202A005F84D8 /* Info.plist */ = {isa = PBXFileReference; lastKnownFileType = text.plist.xml; path = Info.plist; sourceTree = "<group>"; };
		40893D2B20301C840066B403 /* PublicRequest.swift */ = {isa = PBXFileReference; lastKnownFileType = sourcecode.swift; path = PublicRequest.swift; sourceTree = "<group>"; };
		40893D2F203038260066B403 /* BaseModel.swift */ = {isa = PBXFileReference; lastKnownFileType = sourcecode.swift; path = BaseModel.swift; sourceTree = "<group>"; };
		40893D3120303BA30066B403 /* UserInfo.swift */ = {isa = PBXFileReference; lastKnownFileType = sourcecode.swift; path = UserInfo.swift; sourceTree = "<group>"; };
		40D57D71202C323700FA6781 /* Hotel.swift */ = {isa = PBXFileReference; lastKnownFileType = sourcecode.swift; path = Hotel.swift; sourceTree = "<group>"; };
		40D57D73202C3F0600FA6781 /* RequestAPI.swift */ = {isa = PBXFileReference; lastKnownFileType = sourcecode.swift; path = RequestAPI.swift; sourceTree = "<group>"; };
		40D57D75202C44C500FA6781 /* HotelVC.swift */ = {isa = PBXFileReference; lastKnownFileType = sourcecode.swift; path = HotelVC.swift; sourceTree = "<group>"; };
		40D57D77202C4F3900FA6781 /* HotelVM.swift */ = {isa = PBXFileReference; lastKnownFileType = sourcecode.swift; path = HotelVM.swift; sourceTree = "<group>"; };
		40D57D7C202D6EEF00FA6781 /* Person.swift */ = {isa = PBXFileReference; lastKnownFileType = sourcecode.swift; path = Person.swift; sourceTree = "<group>"; };
		40D57D7E202D6F7000FA6781 /* RequestPersonAPI.swift */ = {isa = PBXFileReference; lastKnownFileType = sourcecode.swift; path = RequestPersonAPI.swift; sourceTree = "<group>"; };
		40D57D80202D735F00FA6781 /* PersonVM.swift */ = {isa = PBXFileReference; lastKnownFileType = sourcecode.swift; path = PersonVM.swift; sourceTree = "<group>"; };
		9D880DCE0C8729DF46DFE6EC /* Pods_ProjectTest.framework */ = {isa = PBXFileReference; explicitFileType = wrapper.framework; includeInIndex = 0; path = Pods_ProjectTest.framework; sourceTree = BUILT_PRODUCTS_DIR; };
		A7DAC6672D402B3A7D172265 /* Pods-ProjectTest.debug.xcconfig */ = {isa = PBXFileReference; includeInIndex = 1; lastKnownFileType = text.xcconfig; name = "Pods-ProjectTest.debug.xcconfig"; path = "Cocoapods/Pods/Target Support Files/Pods-ProjectTest/Pods-ProjectTest.debug.xcconfig"; sourceTree = "<group>"; };
		B9A03BE93C1F14B8BB6B2DC6 /* Pods-ProjectTest.release.xcconfig */ = {isa = PBXFileReference; includeInIndex = 1; lastKnownFileType = text.xcconfig; name = "Pods-ProjectTest.release.xcconfig"; path = "Cocoapods/Pods/Target Support Files/Pods-ProjectTest/Pods-ProjectTest.release.xcconfig"; sourceTree = "<group>"; };
/* End PBXFileReference section */

/* Begin PBXFrameworksBuildPhase section */
		405FD8B0202C202A005F84D8 /* Frameworks */ = {
			isa = PBXFrameworksBuildPhase;
			buildActionMask = 2147483647;
			files = (
				DC4DE4C3CB777FC8AD170379 /* Pods_ProjectTest.framework in Frameworks */,
			);
			runOnlyForDeploymentPostprocessing = 0;
		};
		405FD8C4202C202A005F84D8 /* Frameworks */ = {
			isa = PBXFrameworksBuildPhase;
			buildActionMask = 2147483647;
			files = (
			);
			runOnlyForDeploymentPostprocessing = 0;
		};
		405FD8CF202C202A005F84D8 /* Frameworks */ = {
			isa = PBXFrameworksBuildPhase;
			buildActionMask = 2147483647;
			files = (
			);
			runOnlyForDeploymentPostprocessing = 0;
		};
/* End PBXFrameworksBuildPhase section */

/* Begin PBXGroup section */
		405FD8AA202C202A005F84D8 = {
			isa = PBXGroup;
			children = (
				405FD8B5202C202A005F84D8 /* ProjectTest */,
				405FD8CA202C202A005F84D8 /* ProjectTestTests */,
				405FD8D5202C202A005F84D8 /* ProjectTestUITests */,
				405FD8B4202C202A005F84D8 /* Products */,
				BDBD7519FEFB8549FE35CB29 /* Pods */,
				4D4A40A2BA533FA8CB5E2705 /* Frameworks */,
			);
			sourceTree = "<group>";
		};
		405FD8B4202C202A005F84D8 /* Products */ = {
			isa = PBXGroup;
			children = (
				405FD8B3202C202A005F84D8 /* ProjectTest.app */,
				405FD8C7202C202A005F84D8 /* ProjectTestTests.xctest */,
				405FD8D2202C202A005F84D8 /* ProjectTestUITests.xctest */,
			);
			name = Products;
			sourceTree = "<group>";
		};
		405FD8B5202C202A005F84D8 /* ProjectTest */ = {
			isa = PBXGroup;
			children = (
				40893D2A20301C6B0066B403 /* Public */,
				40D57D79202D6EB700FA6781 /* Person */,
				40D57D6C202C315500FA6781 /* Hotel */,
				405FD8B6202C202A005F84D8 /* AppDelegate.swift */,
				405FD8B8202C202A005F84D8 /* ViewController.swift */,
				405FD8BA202C202A005F84D8 /* Main.storyboard */,
				405FD8BD202C202A005F84D8 /* Assets.xcassets */,
				405FD8BF202C202A005F84D8 /* LaunchScreen.storyboard */,
				405FD8C2202C202A005F84D8 /* Info.plist */,
			);
			path = ProjectTest;
			sourceTree = "<group>";
		};
		405FD8CA202C202A005F84D8 /* ProjectTestTests */ = {
			isa = PBXGroup;
			children = (
				405FD8CB202C202A005F84D8 /* ProjectTestTests.swift */,
				405FD8CD202C202A005F84D8 /* Info.plist */,
			);
			path = ProjectTestTests;
			sourceTree = "<group>";
		};
		405FD8D5202C202A005F84D8 /* ProjectTestUITests */ = {
			isa = PBXGroup;
			children = (
				405FD8D6202C202A005F84D8 /* ProjectTestUITests.swift */,
				405FD8D8202C202A005F84D8 /* Info.plist */,
			);
			path = ProjectTestUITests;
			sourceTree = "<group>";
		};
		40893D2A20301C6B0066B403 /* Public */ = {
			isa = PBXGroup;
			children = (
				40893D2E2030380A0066B403 /* Model */,
				40893D2B20301C840066B403 /* PublicRequest.swift */,
			);
			path = Public;
			sourceTree = "<group>";
		};
		40893D2E2030380A0066B403 /* Model */ = {
			isa = PBXGroup;
			children = (
				40893D2F203038260066B403 /* BaseModel.swift */,
			);
			path = Model;
			sourceTree = "<group>";
		};
		40D57D6C202C315500FA6781 /* Hotel */ = {
			isa = PBXGroup;
			children = (
				40D57D70202C31B200FA6781 /* View */,
				40D57D6F202C31A900FA6781 /* Controller */,
				40D57D6E202C319A00FA6781 /* ViewModel */,
				40D57D6D202C318200FA6781 /* Model */,
			);
			path = Hotel;
			sourceTree = "<group>";
		};
		40D57D6D202C318200FA6781 /* Model */ = {
			isa = PBXGroup;
			children = (
				40D57D71202C323700FA6781 /* Hotel.swift */,
				40D57D73202C3F0600FA6781 /* RequestAPI.swift */,
			);
			path = Model;
			sourceTree = "<group>";
		};
		40D57D6E202C319A00FA6781 /* ViewModel */ = {
			isa = PBXGroup;
			children = (
				40D57D77202C4F3900FA6781 /* HotelVM.swift */,
			);
			path = ViewModel;
			sourceTree = "<group>";
		};
		40D57D6F202C31A900FA6781 /* Controller */ = {
			isa = PBXGroup;
			children = (
				40D57D75202C44C500FA6781 /* HotelVC.swift */,
			);
			path = Controller;
			sourceTree = "<group>";
		};
		40D57D70202C31B200FA6781 /* View */ = {
			isa = PBXGroup;
			children = (
			);
			path = View;
			sourceTree = "<group>";
		};
		40D57D79202D6EB700FA6781 /* Person */ = {
			isa = PBXGroup;
			children = (
				40D57D7B202D6ED700FA6781 /* Model */,
				40D57D7A202D6EC800FA6781 /* ViewModel */,
			);
			path = Person;
			sourceTree = "<group>";
		};
		40D57D7A202D6EC800FA6781 /* ViewModel */ = {
			isa = PBXGroup;
			children = (
				40D57D80202D735F00FA6781 /* PersonVM.swift */,
			);
			path = ViewModel;
			sourceTree = "<group>";
		};
		40D57D7B202D6ED700FA6781 /* Model */ = {
			isa = PBXGroup;
			children = (
				40D57D7C202D6EEF00FA6781 /* Person.swift */,
				40D57D7E202D6F7000FA6781 /* RequestPersonAPI.swift */,
				40893D3120303BA30066B403 /* UserInfo.swift */,
			);
			path = Model;
			sourceTree = "<group>";
		};
		4D4A40A2BA533FA8CB5E2705 /* Frameworks */ = {
			isa = PBXGroup;
			children = (
				9D880DCE0C8729DF46DFE6EC /* Pods_ProjectTest.framework */,
			);
			name = Frameworks;
			sourceTree = "<group>";
		};
		BDBD7519FEFB8549FE35CB29 /* Pods */ = {
			isa = PBXGroup;
			children = (
				A7DAC6672D402B3A7D172265 /* Pods-ProjectTest.debug.xcconfig */,
				B9A03BE93C1F14B8BB6B2DC6 /* Pods-ProjectTest.release.xcconfig */,
			);
			name = Pods;
			sourceTree = "<group>";
		};
/* End PBXGroup section */

/* Begin PBXNativeTarget section */
		405FD8B2202C202A005F84D8 /* ProjectTest */ = {
			isa = PBXNativeTarget;
			buildConfigurationList = 405FD8DB202C202A005F84D8 /* Build configuration list for PBXNativeTarget "ProjectTest" */;
			buildPhases = (
				4415D200C58D9871AAC70F5E /* [CP] Check Pods Manifest.lock */,
				405FD8AF202C202A005F84D8 /* Sources */,
				405FD8B0202C202A005F84D8 /* Frameworks */,
				405FD8B1202C202A005F84D8 /* Resources */,
				E2F80EE7610C81C49825D103 /* [CP] Embed Pods Frameworks */,
				80D2DCBE295836302774FF04 /* [CP] Copy Pods Resources */,
			);
			buildRules = (
			);
			dependencies = (
			);
			name = ProjectTest;
			productName = ProjectTest;
			productReference = 405FD8B3202C202A005F84D8 /* ProjectTest.app */;
			productType = "com.apple.product-type.application";
		};
		405FD8C6202C202A005F84D8 /* ProjectTestTests */ = {
			isa = PBXNativeTarget;
			buildConfigurationList = 405FD8DE202C202A005F84D8 /* Build configuration list for PBXNativeTarget "ProjectTestTests" */;
			buildPhases = (
				405FD8C3202C202A005F84D8 /* Sources */,
				405FD8C4202C202A005F84D8 /* Frameworks */,
				405FD8C5202C202A005F84D8 /* Resources */,
			);
			buildRules = (
			);
			dependencies = (
				405FD8C9202C202A005F84D8 /* PBXTargetDependency */,
			);
			name = ProjectTestTests;
			productName = ProjectTestTests;
			productReference = 405FD8C7202C202A005F84D8 /* ProjectTestTests.xctest */;
			productType = "com.apple.product-type.bundle.unit-test";
		};
		405FD8D1202C202A005F84D8 /* ProjectTestUITests */ = {
			isa = PBXNativeTarget;
			buildConfigurationList = 405FD8E1202C202A005F84D8 /* Build configuration list for PBXNativeTarget "ProjectTestUITests" */;
			buildPhases = (
				405FD8CE202C202A005F84D8 /* Sources */,
				405FD8CF202C202A005F84D8 /* Frameworks */,
				405FD8D0202C202A005F84D8 /* Resources */,
			);
			buildRules = (
			);
			dependencies = (
				405FD8D4202C202A005F84D8 /* PBXTargetDependency */,
			);
			name = ProjectTestUITests;
			productName = ProjectTestUITests;
			productReference = 405FD8D2202C202A005F84D8 /* ProjectTestUITests.xctest */;
			productType = "com.apple.product-type.bundle.ui-testing";
		};
/* End PBXNativeTarget section */

/* Begin PBXProject section */
		405FD8AB202C202A005F84D8 /* Project object */ = {
			isa = PBXProject;
			attributes = {
				LastSwiftUpdateCheck = 0920;
				LastUpgradeCheck = 0920;
				ORGANIZATIONNAME = ucf;
				TargetAttributes = {
					405FD8B2202C202A005F84D8 = {
						CreatedOnToolsVersion = 9.2;
						ProvisioningStyle = Automatic;
					};
					405FD8C6202C202A005F84D8 = {
						CreatedOnToolsVersion = 9.2;
						ProvisioningStyle = Automatic;
						TestTargetID = 405FD8B2202C202A005F84D8;
					};
					405FD8D1202C202A005F84D8 = {
						CreatedOnToolsVersion = 9.2;
						ProvisioningStyle = Automatic;
						TestTargetID = 405FD8B2202C202A005F84D8;
					};
				};
			};
			buildConfigurationList = 405FD8AE202C202A005F84D8 /* Build configuration list for PBXProject "ProjectTest" */;
			compatibilityVersion = "Xcode 8.0";
			developmentRegion = en;
			hasScannedForEncodings = 0;
			knownRegions = (
				en,
				Base,
			);
			mainGroup = 405FD8AA202C202A005F84D8;
			productRefGroup = 405FD8B4202C202A005F84D8 /* Products */;
			projectDirPath = "";
			projectRoot = "";
			targets = (
				405FD8B2202C202A005F84D8 /* ProjectTest */,
				405FD8C6202C202A005F84D8 /* ProjectTestTests */,
				405FD8D1202C202A005F84D8 /* ProjectTestUITests */,
			);
		};
/* End PBXProject section */

/* Begin PBXResourcesBuildPhase section */
		405FD8B1202C202A005F84D8 /* Resources */ = {
			isa = PBXResourcesBuildPhase;
			buildActionMask = 2147483647;
			files = (
				405FD8C1202C202A005F84D8 /* LaunchScreen.storyboard in Resources */,
				405FD8BE202C202A005F84D8 /* Assets.xcassets in Resources */,
				405FD8BC202C202A005F84D8 /* Main.storyboard in Resources */,
			);
			runOnlyForDeploymentPostprocessing = 0;
		};
		405FD8C5202C202A005F84D8 /* Resources */ = {
			isa = PBXResourcesBuildPhase;
			buildActionMask = 2147483647;
			files = (
			);
			runOnlyForDeploymentPostprocessing = 0;
		};
		405FD8D0202C202A005F84D8 /* Resources */ = {
			isa = PBXResourcesBuildPhase;
			buildActionMask = 2147483647;
			files = (
			);
			runOnlyForDeploymentPostprocessing = 0;
		};
/* End PBXResourcesBuildPhase section */

/* Begin PBXShellScriptBuildPhase section */
		4415D200C58D9871AAC70F5E /* [CP] Check Pods Manifest.lock */ = {
			isa = PBXShellScriptBuildPhase;
			buildActionMask = 2147483647;
			files = (
			);
			inputPaths = (
				"${PODS_PODFILE_DIR_PATH}/Podfile.lock",
				"${PODS_ROOT}/Manifest.lock",
			);
			name = "[CP] Check Pods Manifest.lock";
			outputPaths = (
				"$(DERIVED_FILE_DIR)/Pods-ProjectTest-checkManifestLockResult.txt",
			);
			runOnlyForDeploymentPostprocessing = 0;
			shellPath = /bin/sh;
			shellScript = "diff \"${PODS_PODFILE_DIR_PATH}/Podfile.lock\" \"${PODS_ROOT}/Manifest.lock\" > /dev/null\nif [ $? != 0 ] ; then\n    # print error to STDERR\n    echo \"error: The sandbox is not in sync with the Podfile.lock. Run 'pod install' or update your CocoaPods installation.\" >&2\n    exit 1\nfi\n# This output is used by Xcode 'outputs' to avoid re-running this script phase.\necho \"SUCCESS\" > \"${SCRIPT_OUTPUT_FILE_0}\"\n";
			showEnvVarsInLog = 0;
		};
		80D2DCBE295836302774FF04 /* [CP] Copy Pods Resources */ = {
			isa = PBXShellScriptBuildPhase;
			buildActionMask = 2147483647;
			files = (
			);
			inputPaths = (
			);
			name = "[CP] Copy Pods Resources";
			outputPaths = (
			);
			runOnlyForDeploymentPostprocessing = 0;
			shellPath = /bin/sh;
			shellScript = "\"${SRCROOT}/Cocoapods/Pods/Target Support Files/Pods-ProjectTest/Pods-ProjectTest-resources.sh\"\n";
			showEnvVarsInLog = 0;
		};
		E2F80EE7610C81C49825D103 /* [CP] Embed Pods Frameworks */ = {
			isa = PBXShellScriptBuildPhase;
			buildActionMask = 2147483647;
			files = (
			);
			inputPaths = (
				"${SRCROOT}/Cocoapods/Pods/Target Support Files/Pods-ProjectTest/Pods-ProjectTest-frameworks.sh",
				"${BUILT_PRODUCTS_DIR}/Alamofire/Alamofire.framework",
				"${BUILT_PRODUCTS_DIR}/Moya/Moya.framework",
				"${BUILT_PRODUCTS_DIR}/ObjectMapper/ObjectMapper.framework",
				"${BUILT_PRODUCTS_DIR}/ReactiveSwift/ReactiveSwift.framework",
				"${BUILT_PRODUCTS_DIR}/Result/Result.framework",
				"${BUILT_PRODUCTS_DIR}/RxCocoa/RxCocoa.framework",
				"${BUILT_PRODUCTS_DIR}/RxSwift/RxSwift.framework",
			);
			name = "[CP] Embed Pods Frameworks";
			outputPaths = (
				"${TARGET_BUILD_DIR}/${FRAMEWORKS_FOLDER_PATH}/Alamofire.framework",
				"${TARGET_BUILD_DIR}/${FRAMEWORKS_FOLDER_PATH}/Moya.framework",
				"${TARGET_BUILD_DIR}/${FRAMEWORKS_FOLDER_PATH}/ObjectMapper.framework",
				"${TARGET_BUILD_DIR}/${FRAMEWORKS_FOLDER_PATH}/ReactiveSwift.framework",
				"${TARGET_BUILD_DIR}/${FRAMEWORKS_FOLDER_PATH}/Result.framework",
				"${TARGET_BUILD_DIR}/${FRAMEWORKS_FOLDER_PATH}/RxCocoa.framework",
				"${TARGET_BUILD_DIR}/${FRAMEWORKS_FOLDER_PATH}/RxSwift.framework",
			);
			runOnlyForDeploymentPostprocessing = 0;
			shellPath = /bin/sh;
			shellScript = "\"${SRCROOT}/Cocoapods/Pods/Target Support Files/Pods-ProjectTest/Pods-ProjectTest-frameworks.sh\"\n";
			showEnvVarsInLog = 0;
		};
/* End PBXShellScriptBuildPhase section */

/* Begin PBXSourcesBuildPhase section */
		405FD8AF202C202A005F84D8 /* Sources */ = {
			isa = PBXSourcesBuildPhase;
			buildActionMask = 2147483647;
			files = (
				40D57D72202C323700FA6781 /* Hotel.swift in Sources */,
				405FD8B9202C202A005F84D8 /* ViewController.swift in Sources */,
				40893D30203038260066B403 /* BaseModel.swift in Sources */,
				40D57D74202C3F0600FA6781 /* RequestAPI.swift in Sources */,
				40893D3220303BA30066B403 /* UserInfo.swift in Sources */,
				40D57D7F202D6F7000FA6781 /* RequestPersonAPI.swift in Sources */,
				40893D2C20301C840066B403 /* PublicRequest.swift in Sources */,
				40D57D76202C44C500FA6781 /* HotelVC.swift in Sources */,
				40D57D7D202D6EEF00FA6781 /* Person.swift in Sources */,
				405FD8B7202C202A005F84D8 /* AppDelegate.swift in Sources */,
				40D57D78202C4F3900FA6781 /* HotelVM.swift in Sources */,
				40D57D81202D735F00FA6781 /* PersonVM.swift in Sources */,
			);
			runOnlyForDeploymentPostprocessing = 0;
		};
		405FD8C3202C202A005F84D8 /* Sources */ = {
			isa = PBXSourcesBuildPhase;
			buildActionMask = 2147483647;
			files = (
				405FD8CC202C202A005F84D8 /* ProjectTestTests.swift in Sources */,
			);
			runOnlyForDeploymentPostprocessing = 0;
		};
		405FD8CE202C202A005F84D8 /* Sources */ = {
			isa = PBXSourcesBuildPhase;
			buildActionMask = 2147483647;
			files = (
				405FD8D7202C202A005F84D8 /* ProjectTestUITests.swift in Sources */,
			);
			runOnlyForDeploymentPostprocessing = 0;
		};
/* End PBXSourcesBuildPhase section */

/* Begin PBXTargetDependency section */
		405FD8C9202C202A005F84D8 /* PBXTargetDependency */ = {
			isa = PBXTargetDependency;
			target = 405FD8B2202C202A005F84D8 /* ProjectTest */;
			targetProxy = 405FD8C8202C202A005F84D8 /* PBXContainerItemProxy */;
		};
		405FD8D4202C202A005F84D8 /* PBXTargetDependency */ = {
			isa = PBXTargetDependency;
			target = 405FD8B2202C202A005F84D8 /* ProjectTest */;
			targetProxy = 405FD8D3202C202A005F84D8 /* PBXContainerItemProxy */;
		};
/* End PBXTargetDependency section */

/* Begin PBXVariantGroup section */
		405FD8BA202C202A005F84D8 /* Main.storyboard */ = {
			isa = PBXVariantGroup;
			children = (
				405FD8BB202C202A005F84D8 /* Base */,
			);
			name = Main.storyboard;
			sourceTree = "<group>";
		};
		405FD8BF202C202A005F84D8 /* LaunchScreen.storyboard */ = {
			isa = PBXVariantGroup;
			children = (
				405FD8C0202C202A005F84D8 /* Base */,
			);
			name = LaunchScreen.storyboard;
			sourceTree = "<group>";
		};
/* End PBXVariantGroup section */

/* Begin XCBuildConfiguration section */
		405FD8D9202C202A005F84D8 /* Debug */ = {
			isa = XCBuildConfiguration;
			buildSettings = {
				ALWAYS_SEARCH_USER_PATHS = NO;
				CLANG_ANALYZER_NONNULL = YES;
				CLANG_ANALYZER_NUMBER_OBJECT_CONVERSION = YES_AGGRESSIVE;
				CLANG_CXX_LANGUAGE_STANDARD = "gnu++14";
				CLANG_CXX_LIBRARY = "libc++";
				CLANG_ENABLE_MODULES = YES;
				CLANG_ENABLE_OBJC_ARC = YES;
				CLANG_WARN_BLOCK_CAPTURE_AUTORELEASING = YES;
				CLANG_WARN_BOOL_CONVERSION = YES;
				CLANG_WARN_COMMA = YES;
				CLANG_WARN_CONSTANT_CONVERSION = YES;
				CLANG_WARN_DIRECT_OBJC_ISA_USAGE = YES_ERROR;
				CLANG_WARN_DOCUMENTATION_COMMENTS = YES;
				CLANG_WARN_EMPTY_BODY = YES;
				CLANG_WARN_ENUM_CONVERSION = YES;
				CLANG_WARN_INFINITE_RECURSION = YES;
				CLANG_WARN_INT_CONVERSION = YES;
				CLANG_WARN_NON_LITERAL_NULL_CONVERSION = YES;
				CLANG_WARN_OBJC_LITERAL_CONVERSION = YES;
				CLANG_WARN_OBJC_ROOT_CLASS = YES_ERROR;
				CLANG_WARN_RANGE_LOOP_ANALYSIS = YES;
				CLANG_WARN_STRICT_PROTOTYPES = YES;
				CLANG_WARN_SUSPICIOUS_MOVE = YES;
				CLANG_WARN_UNGUARDED_AVAILABILITY = YES_AGGRESSIVE;
				CLANG_WARN_UNREACHABLE_CODE = YES;
				CLANG_WARN__DUPLICATE_METHOD_MATCH = YES;
				CODE_SIGN_IDENTITY = "iPhone Developer";
				COPY_PHASE_STRIP = NO;
				DEBUG_INFORMATION_FORMAT = dwarf;
				ENABLE_STRICT_OBJC_MSGSEND = YES;
				ENABLE_TESTABILITY = YES;
				GCC_C_LANGUAGE_STANDARD = gnu11;
				GCC_DYNAMIC_NO_PIC = NO;
				GCC_NO_COMMON_BLOCKS = YES;
				GCC_OPTIMIZATION_LEVEL = 0;
				GCC_PREPROCESSOR_DEFINITIONS = (
					"DEBUG=1",
					"$(inherited)",
				);
				GCC_WARN_64_TO_32_BIT_CONVERSION = YES;
				GCC_WARN_ABOUT_RETURN_TYPE = YES_ERROR;
				GCC_WARN_UNDECLARED_SELECTOR = YES;
				GCC_WARN_UNINITIALIZED_AUTOS = YES_AGGRESSIVE;
				GCC_WARN_UNUSED_FUNCTION = YES;
				GCC_WARN_UNUSED_VARIABLE = YES;
				IPHONEOS_DEPLOYMENT_TARGET = 11.2;
				MTL_ENABLE_DEBUG_INFO = YES;
				ONLY_ACTIVE_ARCH = YES;
				SDKROOT = iphoneos;
				SWIFT_ACTIVE_COMPILATION_CONDITIONS = DEBUG;
				SWIFT_OPTIMIZATION_LEVEL = "-Onone";
			};
			name = Debug;
		};
		405FD8DA202C202A005F84D8 /* Release */ = {
			isa = XCBuildConfiguration;
			buildSettings = {
				ALWAYS_SEARCH_USER_PATHS = NO;
				CLANG_ANALYZER_NONNULL = YES;
				CLANG_ANALYZER_NUMBER_OBJECT_CONVERSION = YES_AGGRESSIVE;
				CLANG_CXX_LANGUAGE_STANDARD = "gnu++14";
				CLANG_CXX_LIBRARY = "libc++";
				CLANG_ENABLE_MODULES = YES;
				CLANG_ENABLE_OBJC_ARC = YES;
				CLANG_WARN_BLOCK_CAPTURE_AUTORELEASING = YES;
				CLANG_WARN_BOOL_CONVERSION = YES;
				CLANG_WARN_COMMA = YES;
				CLANG_WARN_CONSTANT_CONVERSION = YES;
				CLANG_WARN_DIRECT_OBJC_ISA_USAGE = YES_ERROR;
				CLANG_WARN_DOCUMENTATION_COMMENTS = YES;
				CLANG_WARN_EMPTY_BODY = YES;
				CLANG_WARN_ENUM_CONVERSION = YES;
				CLANG_WARN_INFINITE_RECURSION = YES;
				CLANG_WARN_INT_CONVERSION = YES;
				CLANG_WARN_NON_LITERAL_NULL_CONVERSION = YES;
				CLANG_WARN_OBJC_LITERAL_CONVERSION = YES;
				CLANG_WARN_OBJC_ROOT_CLASS = YES_ERROR;
				CLANG_WARN_RANGE_LOOP_ANALYSIS = YES;
				CLANG_WARN_STRICT_PROTOTYPES = YES;
				CLANG_WARN_SUSPICIOUS_MOVE = YES;
				CLANG_WARN_UNGUARDED_AVAILABILITY = YES_AGGRESSIVE;
				CLANG_WARN_UNREACHABLE_CODE = YES;
				CLANG_WARN__DUPLICATE_METHOD_MATCH = YES;
				CODE_SIGN_IDENTITY = "iPhone Developer";
				COPY_PHASE_STRIP = NO;
				DEBUG_INFORMATION_FORMAT = "dwarf-with-dsym";
				ENABLE_NS_ASSERTIONS = NO;
				ENABLE_STRICT_OBJC_MSGSEND = YES;
				GCC_C_LANGUAGE_STANDARD = gnu11;
				GCC_NO_COMMON_BLOCKS = YES;
				GCC_WARN_64_TO_32_BIT_CONVERSION = YES;
				GCC_WARN_ABOUT_RETURN_TYPE = YES_ERROR;
				GCC_WARN_UNDECLARED_SELECTOR = YES;
				GCC_WARN_UNINITIALIZED_AUTOS = YES_AGGRESSIVE;
				GCC_WARN_UNUSED_FUNCTION = YES;
				GCC_WARN_UNUSED_VARIABLE = YES;
				IPHONEOS_DEPLOYMENT_TARGET = 11.2;
				MTL_ENABLE_DEBUG_INFO = NO;
				SDKROOT = iphoneos;
				SWIFT_OPTIMIZATION_LEVEL = "-Owholemodule";
				VALIDATE_PRODUCT = YES;
			};
			name = Release;
		};
		405FD8DC202C202A005F84D8 /* Debug */ = {
			isa = XCBuildConfiguration;
			baseConfigurationReference = A7DAC6672D402B3A7D172265 /* Pods-ProjectTest.debug.xcconfig */;
			buildSettings = {
				ASSETCATALOG_COMPILER_APPICON_NAME = AppIcon;
				CODE_SIGN_STYLE = Automatic;
				DEVELOPMENT_TEAM = SL6B57AC84;
				INFOPLIST_FILE = ProjectTest/Info.plist;
				IPHONEOS_DEPLOYMENT_TARGET = 8.0;
				LD_RUNPATH_SEARCH_PATHS = "$(inherited) @executable_path/Frameworks";
				PRODUCT_BUNDLE_IDENTIFIER = com.ucf.ProjectTest;
				PRODUCT_NAME = "$(TARGET_NAME)";
				SWIFT_VERSION = 4.0;
				TARGETED_DEVICE_FAMILY = "1,2";
			};
			name = Debug;
		};
		405FD8DD202C202A005F84D8 /* Release */ = {
			isa = XCBuildConfiguration;
			baseConfigurationReference = B9A03BE93C1F14B8BB6B2DC6 /* Pods-ProjectTest.release.xcconfig */;
			buildSettings = {
				ASSETCATALOG_COMPILER_APPICON_NAME = AppIcon;
				CODE_SIGN_STYLE = Automatic;
				DEVELOPMENT_TEAM = SL6B57AC84;
				INFOPLIST_FILE = ProjectTest/Info.plist;
				IPHONEOS_DEPLOYMENT_TARGET = 8.0;
				LD_RUNPATH_SEARCH_PATHS = "$(inherited) @executable_path/Frameworks";
				PRODUCT_BUNDLE_IDENTIFIER = com.ucf.ProjectTest;
				PRODUCT_NAME = "$(TARGET_NAME)";
				SWIFT_VERSION = 4.0;
				TARGETED_DEVICE_FAMILY = "1,2";
			};
			name = Release;
		};
		405FD8DF202C202A005F84D8 /* Debug */ = {
			isa = XCBuildConfiguration;
			buildSettings = {
				ALWAYS_EMBED_SWIFT_STANDARD_LIBRARIES = YES;
				BUNDLE_LOADER = "$(TEST_HOST)";
				CODE_SIGN_STYLE = Automatic;
				DEVELOPMENT_TEAM = SL6B57AC84;
				INFOPLIST_FILE = ProjectTestTests/Info.plist;
				LD_RUNPATH_SEARCH_PATHS = "$(inherited) @executable_path/Frameworks @loader_path/Frameworks";
				PRODUCT_BUNDLE_IDENTIFIER = com.ucf.ProjectTestTests;
				PRODUCT_NAME = "$(TARGET_NAME)";
				SWIFT_VERSION = 4.0;
				TARGETED_DEVICE_FAMILY = "1,2";
				TEST_HOST = "$(BUILT_PRODUCTS_DIR)/ProjectTest.app/ProjectTest";
			};
			name = Debug;
		};
		405FD8E0202C202A005F84D8 /* Release */ = {
			isa = XCBuildConfiguration;
			buildSettings = {
				ALWAYS_EMBED_SWIFT_STANDARD_LIBRARIES = YES;
				BUNDLE_LOADER = "$(TEST_HOST)";
				CODE_SIGN_STYLE = Automatic;
				DEVELOPMENT_TEAM = SL6B57AC84;
				INFOPLIST_FILE = ProjectTestTests/Info.plist;
				LD_RUNPATH_SEARCH_PATHS = "$(inherited) @executable_path/Frameworks @loader_path/Frameworks";
				PRODUCT_BUNDLE_IDENTIFIER = com.ucf.ProjectTestTests;
				PRODUCT_NAME = "$(TARGET_NAME)";
				SWIFT_VERSION = 4.0;
				TARGETED_DEVICE_FAMILY = "1,2";
				TEST_HOST = "$(BUILT_PRODUCTS_DIR)/ProjectTest.app/ProjectTest";
			};
			name = Release;
		};
		405FD8E2202C202A005F84D8 /* Debug */ = {
			isa = XCBuildConfiguration;
			buildSettings = {
				ALWAYS_EMBED_SWIFT_STANDARD_LIBRARIES = YES;
				CODE_SIGN_STYLE = Automatic;
				DEVELOPMENT_TEAM = SL6B57AC84;
				INFOPLIST_FILE = ProjectTestUITests/Info.plist;
				LD_RUNPATH_SEARCH_PATHS = "$(inherited) @executable_path/Frameworks @loader_path/Frameworks";
				PRODUCT_BUNDLE_IDENTIFIER = com.ucf.ProjectTestUITests;
				PRODUCT_NAME = "$(TARGET_NAME)";
				SWIFT_VERSION = 4.0;
				TARGETED_DEVICE_FAMILY = "1,2";
				TEST_TARGET_NAME = ProjectTest;
			};
			name = Debug;
		};
		405FD8E3202C202A005F84D8 /* Release */ = {
			isa = XCBuildConfiguration;
			buildSettings = {
				ALWAYS_EMBED_SWIFT_STANDARD_LIBRARIES = YES;
				CODE_SIGN_STYLE = Automatic;
				DEVELOPMENT_TEAM = SL6B57AC84;
				INFOPLIST_FILE = ProjectTestUITests/Info.plist;
				LD_RUNPATH_SEARCH_PATHS = "$(inherited) @executable_path/Frameworks @loader_path/Frameworks";
				PRODUCT_BUNDLE_IDENTIFIER = com.ucf.ProjectTestUITests;
				PRODUCT_NAME = "$(TARGET_NAME)";
				SWIFT_VERSION = 4.0;
				TARGETED_DEVICE_FAMILY = "1,2";
				TEST_TARGET_NAME = ProjectTest;
			};
			name = Release;
		};
/* End XCBuildConfiguration section */

/* Begin XCConfigurationList section */
		405FD8AE202C202A005F84D8 /* Build configuration list for PBXProject "ProjectTest" */ = {
			isa = XCConfigurationList;
			buildConfigurations = (
				405FD8D9202C202A005F84D8 /* Debug */,
				405FD8DA202C202A005F84D8 /* Release */,
			);
			defaultConfigurationIsVisible = 0;
			defaultConfigurationName = Release;
		};
		405FD8DB202C202A005F84D8 /* Build configuration list for PBXNativeTarget "ProjectTest" */ = {
			isa = XCConfigurationList;
			buildConfigurations = (
				405FD8DC202C202A005F84D8 /* Debug */,
				405FD8DD202C202A005F84D8 /* Release */,
			);
			defaultConfigurationIsVisible = 0;
			defaultConfigurationName = Release;
		};
		405FD8DE202C202A005F84D8 /* Build configuration list for PBXNativeTarget "ProjectTestTests" */ = {
			isa = XCConfigurationList;
			buildConfigurations = (
				405FD8DF202C202A005F84D8 /* Debug */,
				405FD8E0202C202A005F84D8 /* Release */,
			);
			defaultConfigurationIsVisible = 0;
			defaultConfigurationName = Release;
		};
		405FD8E1202C202A005F84D8 /* Build configuration list for PBXNativeTarget "ProjectTestUITests" */ = {
			isa = XCConfigurationList;
			buildConfigurations = (
				405FD8E2202C202A005F84D8 /* Debug */,
				405FD8E3202C202A005F84D8 /* Release */,
			);
			defaultConfigurationIsVisible = 0;
			defaultConfigurationName = Release;
		};
/* End XCConfigurationList section */
	};
	rootObject = 405FD8AB202C202A005F84D8 /* Project object */;
}
